
Microsoft Visual Studio Solution File, Format Version 12.00
# Visual Studio 15
VisualStudioVersion = 15.0.28307.168
MinimumVisualStudioVersion = 10.0.40219.1
Project("{FAE04EC0-301F-11D3-BF4B-00C04F79EFBC}") = "TicTacToe", "TicTacToe\TicTacToe.csproj", "{92D5BF78-3A3C-4A5B-B0F4-ABEDB8B1CDB5}"
EndProject
Global
	GlobalSection(SolutionConfigurationPlatforms) = preSolution
		Debug|Any CPU = Debug|Any CPU
		Release|Any CPU = Release|Any CPU
	EndGlobalSection
	GlobalSection(ProjectConfigurationPlatforms) = postSolution
		{92D5BF78-3A3C-4A5B-B0F4-ABEDB8B1CDB5}.Debug|Any CPU.ActiveCfg = Debug|Any CPU
		{92D5BF78-3A3C-4A5B-B0F4-ABEDB8B1CDB5}.Debug|Any CPU.Build.0 = Debug|Any CPU
		{92D5BF78-3A3C-4A5B-B0F4-ABEDB8B1CDB5}.Release|Any CPU.ActiveCfg = Release|Any CPU
		{92D5BF78-3A3C-4A5B-B0F4-ABEDB8B1CDB5}.Release|Any CPU.Build.0 = Release|Any CPU
	EndGlobalSection
	GlobalSection(SolutionProperties) = preSolution
		HideSolutionNode = FALSE
	EndGlobalSection
	GlobalSection(ExtensibilityGlobals) = postSolution
		SolutionGuid = {84078696-0B06-484D-8479-2B2FC9CE9977}
	EndGlobalSection
EndGlobal
